
Microsoft Visual Studio Solution File, Format Version 12.00
Project("{FAE04EC0-301F-11D3-BF4B-00C04F79EFBC}") = "MacXamarinForms", "MacXamarinForms\MacXamarinForms\MacXamarinForms.csproj", "{2304B054-DD71-4564-B98A-8B7252C0CFFF}"
EndProject
Project("{FAE04EC0-301F-11D3-BF4B-00C04F79EFBC}") = "MacXamarinForms.Android", "MacXamarinForms\MacXamarinForms.Android\MacXamarinForms.Android.csproj", "{0DE5B865-DD71-4592-90B5-438850A7B2F7}"
EndProject
Project("{FAE04EC0-301F-11D3-BF4B-00C04F79EFBC}") = "MacXamarinForms.iOS", "MacXamarinForms\MacXamarinForms.iOS\MacXamarinForms.iOS.csproj", "{54EB7D04-8AB6-48CE-BF90-E91E8D142B77}"
EndProject
Project("{FAE04EC0-301F-11D3-BF4B-00C04F79EFBC}") = "MacXamarinForms.OSX", "MacXamarinForms.OSX\MacXamarinForms.OSX.csproj", "{AC968AE4-E2E7-493C-A09D-FE413FEF210B}"
EndProject
Global
	GlobalSection(SolutionConfigurationPlatforms) = preSolution
		Ad-Hoc|iPhone = Ad-Hoc|iPhone
		AppStore|iPhone = AppStore|iPhone
		Debug|Any CPU = Debug|Any CPU
		Debug|iPhone = Debug|iPhone
		Debug|iPhoneSimulator = Debug|iPhoneSimulator
		Release|Any CPU = Release|Any CPU
		Release|iPhone = Release|iPhone
		Release|iPhoneSimulator = Release|iPhoneSimulator
	EndGlobalSection
	GlobalSection(ProjectConfigurationPlatforms) = postSolution
		{2304B054-DD71-4564-B98A-8B7252C0CFFF}.Ad-Hoc|iPhone.ActiveCfg = Debug|Any CPU
		{2304B054-DD71-4564-B98A-8B7252C0CFFF}.Ad-Hoc|iPhone.Build.0 = Debug|Any CPU
		{2304B054-DD71-4564-B98A-8B7252C0CFFF}.AppStore|iPhone.ActiveCfg = Debug|Any CPU
		{2304B054-DD71-4564-B98A-8B7252C0CFFF}.AppStore|iPhone.Build.0 = Debug|Any CPU
		{2304B054-DD71-4564-B98A-8B7252C0CFFF}.Debug|Any CPU.ActiveCfg = Debug|Any CPU
		{2304B054-DD71-4564-B98A-8B7252C0CFFF}.Debug|Any CPU.Build.0 = Debug|Any CPU
		{2304B054-DD71-4564-B98A-8B7252C0CFFF}.Debug|iPhone.ActiveCfg = Debug|Any CPU
		{2304B054-DD71-4564-B98A-8B7252C0CFFF}.Debug|iPhone.Build.0 = Debug|Any CPU
		{2304B054-DD71-4564-B98A-8B7252C0CFFF}.Debug|iPhoneSimulator.ActiveCfg = Debug|Any CPU
		{2304B054-DD71-4564-B98A-8B7252C0CFFF}.Debug|iPhoneSimulator.Build.0 = Debug|Any CPU
		{2304B054-DD71-4564-B98A-8B7252C0CFFF}.Release|Any CPU.ActiveCfg = Release|Any CPU
		{2304B054-DD71-4564-B98A-8B7252C0CFFF}.Release|Any CPU.Build.0 = Release|Any CPU
		{2304B054-DD71-4564-B98A-8B7252C0CFFF}.Release|iPhone.ActiveCfg = Release|Any CPU
		{2304B054-DD71-4564-B98A-8B7252C0CFFF}.Release|iPhone.Build.0 = Release|Any CPU
		{2304B054-DD71-4564-B98A-8B7252C0CFFF}.Release|iPhoneSimulator.ActiveCfg = Release|Any CPU
		{2304B054-DD71-4564-B98A-8B7252C0CFFF}.Release|iPhoneSimulator.Build.0 = Release|Any CPU
		{0DE5B865-DD71-4592-90B5-438850A7B2F7}.Ad-Hoc|iPhone.ActiveCfg = Debug|Any CPU
		{0DE5B865-DD71-4592-90B5-438850A7B2F7}.Ad-Hoc|iPhone.Build.0 = Debug|Any CPU
		{0DE5B865-DD71-4592-90B5-438850A7B2F7}.Ad-Hoc|iPhone.Deploy.0 = Debug|Any CPU
		{0DE5B865-DD71-4592-90B5-438850A7B2F7}.AppStore|iPhone.ActiveCfg = Debug|Any CPU
		{0DE5B865-DD71-4592-90B5-438850A7B2F7}.AppStore|iPhone.Build.0 = Debug|Any CPU
		{0DE5B865-DD71-4592-90B5-438850A7B2F7}.AppStore|iPhone.Deploy.0 = Debug|Any CPU
		{0DE5B865-DD71-4592-90B5-438850A7B2F7}.Debug|Any CPU.ActiveCfg = Debug|Any CPU
		{0DE5B865-DD71-4592-90B5-438850A7B2F7}.Debug|Any CPU.Build.0 = Debug|Any CPU
		{0DE5B865-DD71-4592-90B5-438850A7B2F7}.Debug|Any CPU.Deploy.0 = Debug|Any CPU
		{0DE5B865-DD71-4592-90B5-438850A7B2F7}.Debug|iPhone.ActiveCfg = Debug|Any CPU
		{0DE5B865-DD71-4592-90B5-438850A7B2F7}.Debug|iPhone.Build.0 = Debug|Any CPU
		{0DE5B865-DD71-4592-90B5-438850A7B2F7}.Debug|iPhone.Deploy.0 = Debug|Any CPU
		{0DE5B865-DD71-4592-90B5-438850A7B2F7}.Debug|iPhoneSimulator.ActiveCfg = Debug|Any CPU
		{0DE5B865-DD71-4592-90B5-438850A7B2F7}.Debug|iPhoneSimulator.Build.0 = Debug|Any CPU
		{0DE5B865-DD71-4592-90B5-438850A7B2F7}.Debug|iPhoneSimulator.Deploy.0 = Debug|Any CPU
		{0DE5B865-DD71-4592-90B5-438850A7B2F7}.Release|Any CPU.ActiveCfg = Release|Any CPU
		{0DE5B865-DD71-4592-90B5-438850A7B2F7}.Release|Any CPU.Build.0 = Release|Any CPU
		{0DE5B865-DD71-4592-90B5-438850A7B2F7}.Release|Any CPU.Deploy.0 = Release|Any CPU
		{0DE5B865-DD71-4592-90B5-438850A7B2F7}.Release|iPhone.ActiveCfg = Release|Any CPU
		{0DE5B865-DD71-4592-90B5-438850A7B2F7}.Release|iPhone.Build.0 = Release|Any CPU
		{0DE5B865-DD71-4592-90B5-438850A7B2F7}.Release|iPhone.Deploy.0 = Release|Any CPU
		{0DE5B865-DD71-4592-90B5-438850A7B2F7}.Release|iPhoneSimulator.ActiveCfg = Release|Any CPU
		{0DE5B865-DD71-4592-90B5-438850A7B2F7}.Release|iPhoneSimulator.Build.0 = Release|Any CPU
		{0DE5B865-DD71-4592-90B5-438850A7B2F7}.Release|iPhoneSimulator.Deploy.0 = Release|Any CPU
		{54EB7D04-8AB6-48CE-BF90-E91E8D142B77}.Ad-Hoc|iPhone.ActiveCfg = Ad-Hoc|iPhone
		{54EB7D04-8AB6-48CE-BF90-E91E8D142B77}.Ad-Hoc|iPhone.Build.0 = Ad-Hoc|iPhone
		{54EB7D04-8AB6-48CE-BF90-E91E8D142B77}.Ad-Hoc|iPhone.Deploy.0 = Ad-Hoc|iPhone
		{54EB7D04-8AB6-48CE-BF90-E91E8D142B77}.AppStore|iPhone.ActiveCfg = AppStore|iPhone
		{54EB7D04-8AB6-48CE-BF90-E91E8D142B77}.AppStore|iPhone.Build.0 = AppStore|iPhone
		{54EB7D04-8AB6-48CE-BF90-E91E8D142B77}.AppStore|iPhone.Deploy.0 = AppStore|iPhone
		{54EB7D04-8AB6-48CE-BF90-E91E8D142B77}.Debug|Any CPU.ActiveCfg = Debug|iPhoneSimulator
		{54EB7D04-8AB6-48CE-BF90-E91E8D142B77}.Debug|Any CPU.Build.0 = Debug|iPhoneSimulator
		{54EB7D04-8AB6-48CE-BF90-E91E8D142B77}.Debug|Any CPU.Deploy.0 = Debug|iPhoneSimulator
		{54EB7D04-8AB6-48CE-BF90-E91E8D142B77}.Debug|iPhone.ActiveCfg = Debug|iPhone
		{54EB7D04-8AB6-48CE-BF90-E91E8D142B77}.Debug|iPhone.Build.0 = Debug|iPhone
		{54EB7D04-8AB6-48CE-BF90-E91E8D142B77}.Debug|iPhone.Deploy.0 = Debug|iPhone
		{54EB7D04-8AB6-48CE-BF90-E91E8D142B77}.Debug|iPhoneSimulator.ActiveCfg = Debug|iPhoneSimulator
		{54EB7D04-8AB6-48CE-BF90-E91E8D142B77}.Debug|iPhoneSimulator.Build.0 = Debug|iPhoneSimulator
		{54EB7D04-8AB6-48CE-BF90-E91E8D142B77}.Debug|iPhoneSimulator.Deploy.0 = Debug|iPhoneSimulator
		{54EB7D04-8AB6-48CE-BF90-E91E8D142B77}.Release|Any CPU.ActiveCfg = Release|iPhoneSimulator
		{54EB7D04-8AB6-48CE-BF90-E91E8D142B77}.Release|Any CPU.Build.0 = Release|iPhoneSimulator
		{54EB7D04-8AB6-48CE-BF90-E91E8D142B77}.Release|Any CPU.Deploy.0 = Release|iPhoneSimulator
		{54EB7D04-8AB6-48CE-BF90-E91E8D142B77}.Release|iPhone.ActiveCfg = Release|iPhone
		{54EB7D04-8AB6-48CE-BF90-E91E8D142B77}.Release|iPhone.Build.0 = Release|iPhone
		{54EB7D04-8AB6-48CE-BF90-E91E8D142B77}.Release|iPhone.Deploy.0 = Release|iPhone
		{54EB7D04-8AB6-48CE-BF90-E91E8D142B77}.Release|iPhoneSimulator.ActiveCfg = Release|iPhoneSimulator
		{54EB7D04-8AB6-48CE-BF90-E91E8D142B77}.Release|iPhoneSimulator.Build.0 = Release|iPhoneSimulator
		{54EB7D04-8AB6-48CE-BF90-E91E8D142B77}.Release|iPhoneSimulator.Deploy.0 = Release|iPhoneSimulator
		{AC968AE4-E2E7-493C-A09D-FE413FEF210B}.Ad-Hoc|iPhone.ActiveCfg = Debug|x86
		{AC968AE4-E2E7-493C-A09D-FE413FEF210B}.Ad-Hoc|iPhone.Build.0 = Debug|x86
		{AC968AE4-E2E7-493C-A09D-FE413FEF210B}.AppStore|iPhone.ActiveCfg = Debug|x86
		{AC968AE4-E2E7-493C-A09D-FE413FEF210B}.AppStore|iPhone.Build.0 = Debug|x86
		{AC968AE4-E2E7-493C-A09D-FE413FEF210B}.Debug|Any CPU.ActiveCfg = Debug|x86
		{AC968AE4-E2E7-493C-A09D-FE413FEF210B}.Debug|Any CPU.Build.0 = Debug|x86
		{AC968AE4-E2E7-493C-A09D-FE413FEF210B}.Debug|iPhone.ActiveCfg = Debug|x86
		{AC968AE4-E2E7-493C-A09D-FE413FEF210B}.Debug|iPhone.Build.0 = Debug|x86
		{AC968AE4-E2E7-493C-A09D-FE413FEF210B}.Debug|iPhoneSimulator.ActiveCfg = Debug|x86
		{AC968AE4-E2E7-493C-A09D-FE413FEF210B}.Debug|iPhoneSimulator.Build.0 = Debug|x86
		{AC968AE4-E2E7-493C-A09D-FE413FEF210B}.Release|Any CPU.ActiveCfg = Release|x86
		{AC968AE4-E2E7-493C-A09D-FE413FEF210B}.Release|Any CPU.Build.0 = Release|x86
		{AC968AE4-E2E7-493C-A09D-FE413FEF210B}.Release|iPhone.ActiveCfg = Release|x86
		{AC968AE4-E2E7-493C-A09D-FE413FEF210B}.Release|iPhone.Build.0 = Release|x86
		{AC968AE4-E2E7-493C-A09D-FE413FEF210B}.Release|iPhoneSimulator.ActiveCfg = Release|x86
		{AC968AE4-E2E7-493C-A09D-FE413FEF210B}.Release|iPhoneSimulator.Build.0 = Release|x86
	EndGlobalSection
EndGlobal
